
Microsoft Visual Studio Solution File, Format Version 12.00
# Visual Studio 15
VisualStudioVersion = 15.0.28307.168
MinimumVisualStudioVersion = 10.0.40219.1
Project("{FAE04EC0-301F-11D3-BF4B-00C04F79EFBC}") = "C0730406", "C0730406\C0730406.csproj", "{B518D989-8B16-423E-8F1E-AD3A0209FCD7}"
EndProject
Global
	GlobalSection(SolutionConfigurationPlatforms) = preSolution
		Debug|Any CPU = Debug|Any CPU
		Release|Any CPU = Release|Any CPU
	EndGlobalSection
	GlobalSection(ProjectConfigurationPlatforms) = postSolution
		{B518D989-8B16-423E-8F1E-AD3A0209FCD7}.Debug|Any CPU.ActiveCfg = Debug|Any CPU
		{B518D989-8B16-423E-8F1E-AD3A0209FCD7}.Debug|Any CPU.Build.0 = Debug|Any CPU
		{B518D989-8B16-423E-8F1E-AD3A0209FCD7}.Release|Any CPU.ActiveCfg = Release|Any CPU
		{B518D989-8B16-423E-8F1E-AD3A0209FCD7}.Release|Any CPU.Build.0 = Release|Any CPU
	EndGlobalSection
	GlobalSection(SolutionProperties) = preSolution
		HideSolutionNode = FALSE
	EndGlobalSection
	GlobalSection(ExtensibilityGlobals) = postSolution
		SolutionGuid = {0C7E9C06-D766-4543-B018-63C0D67CF5E4}
	EndGlobalSection
EndGlobal
